
Microsoft Visual Studio Solution File, Format Version 12.00
# Visual Studio Version 17
VisualStudioVersion = 17.11.35303.130
MinimumVisualStudioVersion = 10.0.40219.1
Project("{FAE04EC0-301F-11D3-BF4B-00C04F79EFBC}") = "Pratik-Lists1", "Pratik-Lists1.csproj", "{7D291F7E-6C81-4DF3-9EED-FAA3B5A85798}"
EndProject
Global
	GlobalSection(SolutionConfigurationPlatforms) = preSolution
		Debug|Any CPU = Debug|Any CPU
		Release|Any CPU = Release|Any CPU
	EndGlobalSection
	GlobalSection(ProjectConfigurationPlatforms) = postSolution
		{7D291F7E-6C81-4DF3-9EED-FAA3B5A85798}.Debug|Any CPU.ActiveCfg = Debug|Any CPU
		{7D291F7E-6C81-4DF3-9EED-FAA3B5A85798}.Debug|Any CPU.Build.0 = Debug|Any CPU
		{7D291F7E-6C81-4DF3-9EED-FAA3B5A85798}.Release|Any CPU.ActiveCfg = Release|Any CPU
		{7D291F7E-6C81-4DF3-9EED-FAA3B5A85798}.Release|Any CPU.Build.0 = Release|Any CPU
	EndGlobalSection
	GlobalSection(SolutionProperties) = preSolution
		HideSolutionNode = FALSE
	EndGlobalSection
	GlobalSection(ExtensibilityGlobals) = postSolution
		SolutionGuid = {E1D32AA2-A600-44A7-B88B-C273692A14EC}
	EndGlobalSection
EndGlobal
